
Microsoft Visual Studio Solution File, Format Version 12.00
# Visual Studio Version 16
VisualStudioVersion = 16.0.31205.134
MinimumVisualStudioVersion = 10.0.40219.1
Project("{FAE04EC0-301F-11D3-BF4B-00C04F79EFBC}") = "InterviewSolutions", "InterviewSolutions\InterviewSolutions.csproj", "{D6159590-5F01-4B8E-B433-6EA17A00BAAD}"
EndProject
Project("{FAE04EC0-301F-11D3-BF4B-00C04F79EFBC}") = "InterviewSolutionFramework", "InterviewSolutionFramework\InterviewSolutionFramework.csproj", "{DE280499-31AC-4924-BFF9-08B079C0F538}"
EndProject
Global
	GlobalSection(SolutionConfigurationPlatforms) = preSolution
		Debug|Any CPU = Debug|Any CPU
		Release|Any CPU = Release|Any CPU
	EndGlobalSection
	GlobalSection(ProjectConfigurationPlatforms) = postSolution
		{D6159590-5F01-4B8E-B433-6EA17A00BAAD}.Debug|Any CPU.ActiveCfg = Debug|Any CPU
		{D6159590-5F01-4B8E-B433-6EA17A00BAAD}.Debug|Any CPU.Build.0 = Debug|Any CPU
		{D6159590-5F01-4B8E-B433-6EA17A00BAAD}.Release|Any CPU.ActiveCfg = Release|Any CPU
		{D6159590-5F01-4B8E-B433-6EA17A00BAAD}.Release|Any CPU.Build.0 = Release|Any CPU
		{DE280499-31AC-4924-BFF9-08B079C0F538}.Debug|Any CPU.ActiveCfg = Debug|Any CPU
		{DE280499-31AC-4924-BFF9-08B079C0F538}.Debug|Any CPU.Build.0 = Debug|Any CPU
		{DE280499-31AC-4924-BFF9-08B079C0F538}.Release|Any CPU.ActiveCfg = Release|Any CPU
		{DE280499-31AC-4924-BFF9-08B079C0F538}.Release|Any CPU.Build.0 = Release|Any CPU
	EndGlobalSection
	GlobalSection(SolutionProperties) = preSolution
		HideSolutionNode = FALSE
	EndGlobalSection
	GlobalSection(ExtensibilityGlobals) = postSolution
		SolutionGuid = {560711D6-CAD7-4E23-BE2E-0D632C873D6C}
	EndGlobalSection
EndGlobal
